
Microsoft Visual Studio Solution File, Format Version 12.00
# Visual Studio Version 16
VisualStudioVersion = 16.0.31025.194
MinimumVisualStudioVersion = 10.0.40219.1
Project("{911E67C6-3D85-4FCE-B560-20A9C3E3FF48}") = "engine", "..\.bin\engine.exe", "{74681B41-1A16-4EFE-90F8-1A1993C3589D}"
	ProjectSection(DebuggerProjectSystem) = preProject
		PortSupplier = 00000000-0000-0000-0000-000000000000
		Executable = C:\GIT\refrectoring_engine\vulkan_guide_engine\.bin\engine.exe
		RemoteMachine = DESKTOP-QOJ9CUT
		StartingDirectory = C:\GIT\refrectoring_engine\vulkan_guide_engine\.bin
		Environment = Default
		LaunchingEngine = 00000000-0000-0000-0000-000000000000
		UseLegacyDebugEngines = No
		LaunchSQLEngine = No
		AttachLaunchAction = No
		IORedirection = Auto
	EndProjectSection
EndProject
Global
	GlobalSection(SolutionConfigurationPlatforms) = preSolution
		Release|x64 = Release|x64
	EndGlobalSection
	GlobalSection(ProjectConfigurationPlatforms) = postSolution
		{74681B41-1A16-4EFE-90F8-1A1993C3589D}.Release|x64.ActiveCfg = Release|x64
	EndGlobalSection
	GlobalSection(SolutionProperties) = preSolution
		HideSolutionNode = FALSE
	EndGlobalSection
	GlobalSection(ExtensibilityGlobals) = postSolution
		SolutionGuid = {804825E7-0F06-4AA0-BB3F-3ACECA5584B1}
	EndGlobalSection
EndGlobal
